
Microsoft Visual Studio Solution File, Format Version 12.00
# Visual Studio Version 16
VisualStudioVersion = 16.0.31321.278
MinimumVisualStudioVersion = 10.0.40219.1
Project("{9A19103F-16F7-4668-BE54-9A1E7A4F7556}") = "EX03ConsolePlay", "EX03ConsolePlay\EX03ConsolePlay.csproj", "{A9619947-15C7-4227-82AA-7AEE5CE6CC05}"
EndProject
Project("{9A19103F-16F7-4668-BE54-9A1E7A4F7556}") = "EX04ReadLine", "EX04ReadLine\EX04ReadLine.csproj", "{C29F852A-BB57-402D-BCB7-43B4B7AFAFFE}"
EndProject
Project("{9A19103F-16F7-4668-BE54-9A1E7A4F7556}") = "EX05Arithmetic", "EX05Arithmetic\EX05Arithmetic.csproj", "{D6F4C14A-1CE6-47D3-80BD-E2406DEB2844}"
EndProject
Project("{9A19103F-16F7-4668-BE54-9A1E7A4F7556}") = "EX06ComparisonOperators.", "EX06ComparisonOperators\EX06ComparisonOperators..csproj", "{744800A9-5EEE-4E9A-ACF2-48B46A1FD8B4}"
EndProject
Project("{9A19103F-16F7-4668-BE54-9A1E7A4F7556}") = "EX07SelectionIfElse.", "EX07SelectionIfElse\EX07SelectionIfElse..csproj", "{A7425692-A4F9-4F89-8E60-23F8AA43BFE2}"
EndProject
Project("{FAE04EC0-301F-11D3-BF4B-00C04F79EFBC}") = "EX08BooleanAlgebra.", "EX08BooleanAlgebra\EX08BooleanAlgebra..csproj", "{775E5B57-CB5B-49B1-BC3D-1B29B06CA8EF}"
EndProject
Project("{FAE04EC0-301F-11D3-BF4B-00C04F79EFBC}") = "EX09BooleanIf.", "EX09BooleanIf\EX09BooleanIf..csproj", "{46E0207E-7DC6-4E5F-A8F2-4673AF55275D}"
EndProject
Project("{FAE04EC0-301F-11D3-BF4B-00C04F79EFBC}") = "EX10Switch.", "EX10Switch\EX10Switch..csproj", "{D8CDFCB9-1AC6-4631-8763-66E3EECA841F}"
EndProject
Project("{FAE04EC0-301F-11D3-BF4B-00C04F79EFBC}") = "EX11While", "EX11While\EX11While.csproj", "{75316236-1010-4670-9AB4-67068E7A01D0}"
EndProject
Global
	GlobalSection(SolutionConfigurationPlatforms) = preSolution
		Debug|Any CPU = Debug|Any CPU
		Release|Any CPU = Release|Any CPU
	EndGlobalSection
	GlobalSection(ProjectConfigurationPlatforms) = postSolution
		{A9619947-15C7-4227-82AA-7AEE5CE6CC05}.Debug|Any CPU.ActiveCfg = Debug|Any CPU
		{A9619947-15C7-4227-82AA-7AEE5CE6CC05}.Debug|Any CPU.Build.0 = Debug|Any CPU
		{A9619947-15C7-4227-82AA-7AEE5CE6CC05}.Release|Any CPU.ActiveCfg = Release|Any CPU
		{A9619947-15C7-4227-82AA-7AEE5CE6CC05}.Release|Any CPU.Build.0 = Release|Any CPU
		{C29F852A-BB57-402D-BCB7-43B4B7AFAFFE}.Debug|Any CPU.ActiveCfg = Debug|Any CPU
		{C29F852A-BB57-402D-BCB7-43B4B7AFAFFE}.Debug|Any CPU.Build.0 = Debug|Any CPU
		{C29F852A-BB57-402D-BCB7-43B4B7AFAFFE}.Release|Any CPU.ActiveCfg = Release|Any CPU
		{C29F852A-BB57-402D-BCB7-43B4B7AFAFFE}.Release|Any CPU.Build.0 = Release|Any CPU
		{D6F4C14A-1CE6-47D3-80BD-E2406DEB2844}.Debug|Any CPU.ActiveCfg = Debug|Any CPU
		{D6F4C14A-1CE6-47D3-80BD-E2406DEB2844}.Debug|Any CPU.Build.0 = Debug|Any CPU
		{D6F4C14A-1CE6-47D3-80BD-E2406DEB2844}.Release|Any CPU.ActiveCfg = Release|Any CPU
		{D6F4C14A-1CE6-47D3-80BD-E2406DEB2844}.Release|Any CPU.Build.0 = Release|Any CPU
		{744800A9-5EEE-4E9A-ACF2-48B46A1FD8B4}.Debug|Any CPU.ActiveCfg = Debug|Any CPU
		{744800A9-5EEE-4E9A-ACF2-48B46A1FD8B4}.Debug|Any CPU.Build.0 = Debug|Any CPU
		{744800A9-5EEE-4E9A-ACF2-48B46A1FD8B4}.Release|Any CPU.ActiveCfg = Release|Any CPU
		{744800A9-5EEE-4E9A-ACF2-48B46A1FD8B4}.Release|Any CPU.Build.0 = Release|Any CPU
		{A7425692-A4F9-4F89-8E60-23F8AA43BFE2}.Debug|Any CPU.ActiveCfg = Debug|Any CPU
		{A7425692-A4F9-4F89-8E60-23F8AA43BFE2}.Debug|Any CPU.Build.0 = Debug|Any CPU
		{A7425692-A4F9-4F89-8E60-23F8AA43BFE2}.Release|Any CPU.ActiveCfg = Release|Any CPU
		{A7425692-A4F9-4F89-8E60-23F8AA43BFE2}.Release|Any CPU.Build.0 = Release|Any CPU
		{775E5B57-CB5B-49B1-BC3D-1B29B06CA8EF}.Debug|Any CPU.ActiveCfg = Debug|Any CPU
		{775E5B57-CB5B-49B1-BC3D-1B29B06CA8EF}.Debug|Any CPU.Build.0 = Debug|Any CPU
		{775E5B57-CB5B-49B1-BC3D-1B29B06CA8EF}.Release|Any CPU.ActiveCfg = Release|Any CPU
		{775E5B57-CB5B-49B1-BC3D-1B29B06CA8EF}.Release|Any CPU.Build.0 = Release|Any CPU
		{46E0207E-7DC6-4E5F-A8F2-4673AF55275D}.Debug|Any CPU.ActiveCfg = Debug|Any CPU
		{46E0207E-7DC6-4E5F-A8F2-4673AF55275D}.Debug|Any CPU.Build.0 = Debug|Any CPU
		{46E0207E-7DC6-4E5F-A8F2-4673AF55275D}.Release|Any CPU.ActiveCfg = Release|Any CPU
		{46E0207E-7DC6-4E5F-A8F2-4673AF55275D}.Release|Any CPU.Build.0 = Release|Any CPU
		{D8CDFCB9-1AC6-4631-8763-66E3EECA841F}.Debug|Any CPU.ActiveCfg = Debug|Any CPU
		{D8CDFCB9-1AC6-4631-8763-66E3EECA841F}.Debug|Any CPU.Build.0 = Debug|Any CPU
		{D8CDFCB9-1AC6-4631-8763-66E3EECA841F}.Release|Any CPU.ActiveCfg = Release|Any CPU
		{D8CDFCB9-1AC6-4631-8763-66E3EECA841F}.Release|Any CPU.Build.0 = Release|Any CPU
		{75316236-1010-4670-9AB4-67068E7A01D0}.Debug|Any CPU.ActiveCfg = Debug|Any CPU
		{75316236-1010-4670-9AB4-67068E7A01D0}.Debug|Any CPU.Build.0 = Debug|Any CPU
		{75316236-1010-4670-9AB4-67068E7A01D0}.Release|Any CPU.ActiveCfg = Release|Any CPU
		{75316236-1010-4670-9AB4-67068E7A01D0}.Release|Any CPU.Build.0 = Release|Any CPU
	EndGlobalSection
	GlobalSection(SolutionProperties) = preSolution
		HideSolutionNode = FALSE
	EndGlobalSection
	GlobalSection(ExtensibilityGlobals) = postSolution
		SolutionGuid = {0A87D782-4A9C-42FD-AE71-39032764B884}
	EndGlobalSection
EndGlobal
